
Microsoft Visual Studio Solution File, Format Version 12.00
# Visual Studio Version 17
VisualStudioVersion = 17.10.35013.160
MinimumVisualStudioVersion = 10.0.40219.1
Project("{2150E333-8FDC-42A3-9474-1A3956D46DE8}") = "LuftbornTask.Core", "LuftbornTask.Core", "{1BC381FD-C4A8-4F03-B0A0-8BB5895CB97A}"
EndProject
Project("{2150E333-8FDC-42A3-9474-1A3956D46DE8}") = "LuftBornTask.Domain", "LuftBornTask.Domain", "{C989803A-BFAF-4F78-B85C-2752F0F3A736}"
EndProject
Project("{2150E333-8FDC-42A3-9474-1A3956D46DE8}") = "LuftBornTask.Application", "LuftBornTask.Application", "{147203A5-3198-40A8-9F85-9E7CE4638198}"
EndProject
Project("{2150E333-8FDC-42A3-9474-1A3956D46DE8}") = "LuftBornTask.Presentation", "LuftBornTask.Presentation", "{BAF1907E-17AE-4059-BF21-2E14C2A1BB81}"
EndProject
Project("{2150E333-8FDC-42A3-9474-1A3956D46DE8}") = "LuftBornTask.Infrastructure", "LuftBornTask.Infrastructure", "{ECB94B69-B04D-476B-A505-B7E479D58649}"
EndProject
Project("{FAE04EC0-301F-11D3-BF4B-00C04F79EFBC}") = "LuftBornTask.APIs", "LuftBornTask.APIs\LuftBornTask.APIs.csproj", "{77D85340-B759-4772-B6C1-BF5962ED49E4}"
EndProject
Project("{FAE04EC0-301F-11D3-BF4B-00C04F79EFBC}") = "LuftBornTask.Application", "LuftBornTask.Application\LuftBornTask.Application.csproj", "{9D298CD1-6329-43F4-967D-A34666DE3B52}"
EndProject
Project("{FAE04EC0-301F-11D3-BF4B-00C04F79EFBC}") = "LuftBornTask.Domain", "LuftBornTask.Domain\LuftBornTask.Domain.csproj", "{7D05D6EF-A46F-41CD-8F97-12DAD9CAA1E7}"
EndProject
Project("{FAE04EC0-301F-11D3-BF4B-00C04F79EFBC}") = "LuftBornTask.Infrastructure", "LuftBornTask.Infrastructure\LuftBornTask.Infrastructure.csproj", "{087D613E-DA09-4515-9A9F-404241090E0B}"
EndProject
Global
	GlobalSection(SolutionConfigurationPlatforms) = preSolution
		Debug|Any CPU = Debug|Any CPU
		Release|Any CPU = Release|Any CPU
	EndGlobalSection
	GlobalSection(ProjectConfigurationPlatforms) = postSolution
		{77D85340-B759-4772-B6C1-BF5962ED49E4}.Debug|Any CPU.ActiveCfg = Debug|Any CPU
		{77D85340-B759-4772-B6C1-BF5962ED49E4}.Debug|Any CPU.Build.0 = Debug|Any CPU
		{77D85340-B759-4772-B6C1-BF5962ED49E4}.Release|Any CPU.ActiveCfg = Release|Any CPU
		{77D85340-B759-4772-B6C1-BF5962ED49E4}.Release|Any CPU.Build.0 = Release|Any CPU
		{9D298CD1-6329-43F4-967D-A34666DE3B52}.Debug|Any CPU.ActiveCfg = Debug|Any CPU
		{9D298CD1-6329-43F4-967D-A34666DE3B52}.Debug|Any CPU.Build.0 = Debug|Any CPU
		{9D298CD1-6329-43F4-967D-A34666DE3B52}.Release|Any CPU.ActiveCfg = Release|Any CPU
		{9D298CD1-6329-43F4-967D-A34666DE3B52}.Release|Any CPU.Build.0 = Release|Any CPU
		{7D05D6EF-A46F-41CD-8F97-12DAD9CAA1E7}.Debug|Any CPU.ActiveCfg = Debug|Any CPU
		{7D05D6EF-A46F-41CD-8F97-12DAD9CAA1E7}.Debug|Any CPU.Build.0 = Debug|Any CPU
		{7D05D6EF-A46F-41CD-8F97-12DAD9CAA1E7}.Release|Any CPU.ActiveCfg = Release|Any CPU
		{7D05D6EF-A46F-41CD-8F97-12DAD9CAA1E7}.Release|Any CPU.Build.0 = Release|Any CPU
		{087D613E-DA09-4515-9A9F-404241090E0B}.Debug|Any CPU.ActiveCfg = Debug|Any CPU
		{087D613E-DA09-4515-9A9F-404241090E0B}.Debug|Any CPU.Build.0 = Debug|Any CPU
		{087D613E-DA09-4515-9A9F-404241090E0B}.Release|Any CPU.ActiveCfg = Release|Any CPU
		{087D613E-DA09-4515-9A9F-404241090E0B}.Release|Any CPU.Build.0 = Release|Any CPU
	EndGlobalSection
	GlobalSection(SolutionProperties) = preSolution
		HideSolutionNode = FALSE
	EndGlobalSection
	GlobalSection(NestedProjects) = preSolution
		{C989803A-BFAF-4F78-B85C-2752F0F3A736} = {1BC381FD-C4A8-4F03-B0A0-8BB5895CB97A}
		{147203A5-3198-40A8-9F85-9E7CE4638198} = {1BC381FD-C4A8-4F03-B0A0-8BB5895CB97A}
		{77D85340-B759-4772-B6C1-BF5962ED49E4} = {BAF1907E-17AE-4059-BF21-2E14C2A1BB81}
		{9D298CD1-6329-43F4-967D-A34666DE3B52} = {147203A5-3198-40A8-9F85-9E7CE4638198}
		{7D05D6EF-A46F-41CD-8F97-12DAD9CAA1E7} = {C989803A-BFAF-4F78-B85C-2752F0F3A736}
		{087D613E-DA09-4515-9A9F-404241090E0B} = {ECB94B69-B04D-476B-A505-B7E479D58649}
	EndGlobalSection
	GlobalSection(ExtensibilityGlobals) = postSolution
		SolutionGuid = {1C8FD9D2-CC18-407A-A988-4EBA45873C5F}
	EndGlobalSection
EndGlobal
